Microsoft Visual Studio Solution File, Format Version 12.00
# Visual Studio Version 17
VisualStudioVersion = 17.5.2.0
MinimumVisualStudioVersion = 10.0.40219.1
Project("{FAE04EC0-301F-11D3-BF4B-00C04F79EFBC}") = "NemoEsuriat", "NemoEsuriat.csproj", "{F6C68753-12BD-C6D1-71BF-3DA3C8068B90}"
EndProject
Global
	GlobalSection(SolutionConfigurationPlatforms) = preSolution
		Debug|Any CPU = Debug|Any CPU
		Release|Any CPU = Release|Any CPU
	EndGlobalSection
	GlobalSection(ProjectConfigurationPlatforms) = postSolution
		{F6C68753-12BD-C6D1-71BF-3DA3C8068B90}.Debug|Any CPU.ActiveCfg = Debug|Any CPU
		{F6C68753-12BD-C6D1-71BF-3DA3C8068B90}.Debug|Any CPU.Build.0 = Debug|Any CPU
		{F6C68753-12BD-C6D1-71BF-3DA3C8068B90}.Release|Any CPU.ActiveCfg = Release|Any CPU
		{F6C68753-12BD-C6D1-71BF-3DA3C8068B90}.Release|Any CPU.Build.0 = Release|Any CPU
	EndGlobalSection
	GlobalSection(SolutionProperties) = preSolution
		HideSolutionNode = FALSE
	EndGlobalSection
	GlobalSection(ExtensibilityGlobals) = postSolution
		SolutionGuid = {3FD2EF0B-74FB-4001-B401-19C7A25CD27F}
	EndGlobalSection
EndGlobal
